// !$*UTF8*$!
{
	archiveVersion = 1;
	classes = {
	};
	objectVersion = 50;
	objects = {

/* Begin PBXBuildFile section */
		912B1E9024B5CC09004BF44D /* GenreLibraryViewController.swift in Sources */ = {isa = PBXBuildFile; fileRef = 912B1E8F24B5CC09004BF44D /* GenreLibraryViewController.swift */; };
		912B1E9424B5D7C8004BF44D /* TabBarController.swift in Sources */ = {isa = PBXBuildFile; fileRef = 912B1E9324B5D7C8004BF44D /* TabBarController.swift */; };
		912B1E9824B8BEC5004BF44D /* ArtDetailTableCellLarge.xib in Resources */ = {isa = PBXBuildFile; fileRef = 912B1E9724B8BEC5004BF44D /* ArtDetailTableCellLarge.xib */; };
		912B1E9B24B8C240004BF44D /* ArtDetailTableCellMedium.xib in Resources */ = {isa = PBXBuildFile; fileRef = 912B1E9A24B8C23F004BF44D /* ArtDetailTableCellMedium.xib */; };
		912B1E9D24B91F4D004BF44D /* ArtDetailTableCellSmall.xib in Resources */ = {isa = PBXBuildFile; fileRef = 912B1E9C24B91F4D004BF44D /* ArtDetailTableCellSmall.xib */; };
		912B1E9F24B920C9004BF44D /* ArtDetailCollectionCell.xib in Resources */ = {isa = PBXBuildFile; fileRef = 912B1E9E24B920C9004BF44D /* ArtDetailCollectionCell.xib */; };
		915103802398034200B20515 /* AlbumViewController.swift in Sources */ = {isa = PBXBuildFile; fileRef = 9151037F2398034200B20515 /* AlbumViewController.swift */; };
		9151038423987E4600B20515 /* Extensions.swift in Sources */ = {isa = PBXBuildFile; fileRef = 9151038323987E4600B20515 /* Extensions.swift */; };
		91510386239887D600B20515 /* PlayerViewController.swift in Sources */ = {isa = PBXBuildFile; fileRef = 91510385239887D600B20515 /* PlayerViewController.swift */; };
		9155990A24C4499000EFDE17 /* SettingsViewController.swift in Sources */ = {isa = PBXBuildFile; fileRef = 9155990924C4499000EFDE17 /* SettingsViewController.swift */; };
		9155990C24C44BB800EFDE17 /* SwanSongViewController.swift in Sources */ = {isa = PBXBuildFile; fileRef = 9155990B24C44BB800EFDE17 /* SwanSongViewController.swift */; };
		9181AF2924D41DA400C0550D /* SwanSong.xcdatamodeld in Sources */ = {isa = PBXBuildFile; fileRef = 9181AF2724D41DA400C0550D /* SwanSong.xcdatamodeld */; };
		918ED5DB2397257500FB85A9 /* AppDelegate.swift in Sources */ = {isa = PBXBuildFile; fileRef = 918ED5DA2397257500FB85A9 /* AppDelegate.swift */; };
		918ED5E02397257500FB85A9 /* Main.storyboard in Resources */ = {isa = PBXBuildFile; fileRef = 918ED5DE2397257500FB85A9 /* Main.storyboard */; };
		918ED5E22397257600FB85A9 /* Assets.xcassets in Resources */ = {isa = PBXBuildFile; fileRef = 918ED5E12397257600FB85A9 /* Assets.xcassets */; };
		918ED5E52397257600FB85A9 /* LaunchScreen.storyboard in Resources */ = {isa = PBXBuildFile; fileRef = 918ED5E32397257600FB85A9 /* LaunchScreen.storyboard */; };
		91A1E07224C74E0800469B82 /* MultiAlbumListViewController.swift in Sources */ = {isa = PBXBuildFile; fileRef = 91A1E07124C74E0800469B82 /* MultiAlbumListViewController.swift */; };
		91A55937249934120030A68F /* AudioPlayer.swift in Sources */ = {isa = PBXBuildFile; fileRef = 91A55936249934120030A68F /* AudioPlayer.swift */; };
		91B8021624BA17E400C4BC31 /* MultiArtDetailCollectionCell.xib in Resources */ = {isa = PBXBuildFile; fileRef = 91B8021524BA17E400C4BC31 /* MultiArtDetailCollectionCell.xib */; };
		91B8021924BA1BF600C4BC31 /* MultiArtDetailTableCellLarge.xib in Resources */ = {isa = PBXBuildFile; fileRef = 91B8021724BA1BF600C4BC31 /* MultiArtDetailTableCellLarge.xib */; };
		91B8021A24BA1BF600C4BC31 /* MultiArtDetailTableCellMedium.xib in Resources */ = {isa = PBXBuildFile; fileRef = 91B8021824BA1BF600C4BC31 /* MultiArtDetailTableCellMedium.xib */; };
		91B8021C24BA25DD00C4BC31 /* FooterTableCell.xib in Resources */ = {isa = PBXBuildFile; fileRef = 91B8021B24BA25DD00C4BC31 /* FooterTableCell.xib */; };
		91B8021E24BA287600C4BC31 /* NumberDetailTableCell.xib in Resources */ = {isa = PBXBuildFile; fileRef = 91B8021D24BA287600C4BC31 /* NumberDetailTableCell.xib */; };
		91B8022024BA2BB000C4BC31 /* CollectionViewHeader.xib in Resources */ = {isa = PBXBuildFile; fileRef = 91B8021F24BA2BB000C4BC31 /* CollectionViewHeader.xib */; };
		91B8022224BA317800C4BC31 /* SwappableViewController.swift in Sources */ = {isa = PBXBuildFile; fileRef = 91B8022124BA317800C4BC31 /* SwappableViewController.swift */; };
		91B8022424BB033700C4BC31 /* SongLibraryViewController.swift in Sources */ = {isa = PBXBuildFile; fileRef = 91B8022324BB033700C4BC31 /* SongLibraryViewController.swift */; };
		91B8026224BF578B00C4BC31 /* ArtistLibraryViewController.swift in Sources */ = {isa = PBXBuildFile; fileRef = 91B8026124BF578B00C4BC31 /* ArtistLibraryViewController.swift */; };
		91BF51F124D410BF00AB4992 /* Playlist.swift in Sources */ = {isa = PBXBuildFile; fileRef = 91BF51F024D410BF00AB4992 /* Playlist.swift */; };
		91E164F924A0C05B005B51AD /* PlaylistViewController.swift in Sources */ = {isa = PBXBuildFile; fileRef = 91E164F824A0C05B005B51AD /* PlaylistViewController.swift */; };
		91EE846D24B398AF00122BA6 /* AlbumLibraryViewController.swift in Sources */ = {isa = PBXBuildFile; fileRef = 91EE846C24B398AF00122BA6 /* AlbumLibraryViewController.swift */; };
		91F24864249FD302006884B6 /* UserInterface.swift in Sources */ = {isa = PBXBuildFile; fileRef = 91F24863249FD302006884B6 /* UserInterface.swift */; };
		91F2F33C23998209008291E9 /* PlaylistLibraryViewController.swift in Sources */ = {isa = PBXBuildFile; fileRef = 91F2F33B23998209008291E9 /* PlaylistLibraryViewController.swift */; };
/* End PBXBuildFile section */

/* Begin PBXFileReference section */
		912B1E8F24B5CC09004BF44D /* GenreLibraryViewController.swift */ = {isa = PBXFileReference; lastKnownFileType = sourcecode.swift; path = GenreLibraryViewController.swift; sourceTree = "<group>"; };
		912B1E9324B5D7C8004BF44D /* TabBarController.swift */ = {isa = PBXFileReference; lastKnownFileType = sourcecode.swift; path = TabBarController.swift; sourceTree = "<group>"; };
		912B1E9724B8BEC5004BF44D /* ArtDetailTableCellLarge.xib */ = {isa = PBXFileReference; lastKnownFileType = file.xib; path = ArtDetailTableCellLarge.xib; sourceTree = "<group>"; };
		912B1E9A24B8C23F004BF44D /* ArtDetailTableCellMedium.xib */ = {isa = PBXFileReference; fileEncoding = 4; lastKnownFileType = file.xib; path = ArtDetailTableCellMedium.xib; sourceTree = "<group>"; };
		912B1E9C24B91F4D004BF44D /* ArtDetailTableCellSmall.xib */ = {isa = PBXFileReference; fileEncoding = 4; lastKnownFileType = file.xib; path = ArtDetailTableCellSmall.xib; sourceTree = "<group>"; };
		912B1E9E24B920C9004BF44D /* ArtDetailCollectionCell.xib */ = {isa = PBXFileReference; lastKnownFileType = file.xib; path = ArtDetailCollectionCell.xib; sourceTree = "<group>"; };
		9151037F2398034200B20515 /* AlbumViewController.swift */ = {isa = PBXFileReference; lastKnownFileType = sourcecode.swift; path = AlbumViewController.swift; sourceTree = "<group>"; };
		9151038323987E4600B20515 /* Extensions.swift */ = {isa = PBXFileReference; lastKnownFileType = sourcecode.swift; path = Extensions.swift; sourceTree = "<group>"; };
		91510385239887D600B20515 /* PlayerViewController.swift */ = {isa = PBXFileReference; lastKnownFileType = sourcecode.swift; path = PlayerViewController.swift; sourceTree = "<group>"; };
		9155990924C4499000EFDE17 /* SettingsViewController.swift */ = {isa = PBXFileReference; lastKnownFileType = sourcecode.swift; path = SettingsViewController.swift; sourceTree = "<group>"; };
		9155990B24C44BB800EFDE17 /* SwanSongViewController.swift */ = {isa = PBXFileReference; lastKnownFileType = sourcecode.swift; path = SwanSongViewController.swift; sourceTree = "<group>"; };
		9181AF2824D41DA400C0550D /* SwanSong.xcdatamodel */ = {isa = PBXFileReference; lastKnownFileType = wrapper.xcdatamodel; path = SwanSong.xcdatamodel; sourceTree = "<group>"; };
		9181AF4D24D4502600C0550D /* CoreData.framework */ = {isa = PBXFileReference; lastKnownFileType = wrapper.framework; name = CoreData.framework; path = System/Library/Frameworks/CoreData.framework; sourceTree = SDKROOT; };
		918ED5D72397257500FB85A9 /* SwanSong.app */ = {isa = PBXFileReference; explicitFileType = wrapper.application; includeInIndex = 0; path = SwanSong.app; sourceTree = BUILT_PRODUCTS_DIR; };
		918ED5DA2397257500FB85A9 /* AppDelegate.swift */ = {isa = PBXFileReference; lastKnownFileType = sourcecode.swift; path = AppDelegate.swift; sourceTree = "<group>"; };
		918ED5DF2397257500FB85A9 /* Base */ = {isa = PBXFileReference; lastKnownFileType = file.storyboard; name = Base; path = Base.lproj/Main.storyboard; sourceTree = "<group>"; };
		918ED5E12397257600FB85A9 /* Assets.xcassets */ = {isa = PBXFileReference; lastKnownFileType = folder.assetcatalog; path = Assets.xcassets; sourceTree = "<group>"; };
		918ED5E42397257600FB85A9 /* Base */ = {isa = PBXFileReference; lastKnownFileType = file.storyboard; name = Base; path = Base.lproj/LaunchScreen.storyboard; sourceTree = "<group>"; };
		918ED5E62397257600FB85A9 /* Info.plist */ = {isa = PBXFileReference; lastKnownFileType = text.plist.xml; path = Info.plist; sourceTree = "<group>"; };
		918ED5ED23972C1B00FB85A9 /* MediaPlayer.framework */ = {isa = PBXFileReference; lastKnownFileType = wrapper.framework; name = MediaPlayer.framework; path = System/Library/Frameworks/MediaPlayer.framework; sourceTree = SDKROOT; };
		91A1E07124C74E0800469B82 /* MultiAlbumListViewController.swift */ = {isa = PBXFileReference; lastKnownFileType = sourcecode.swift; path = MultiAlbumListViewController.swift; sourceTree = "<group>"; };
		91A55936249934120030A68F /* AudioPlayer.swift */ = {isa = PBXFileReference; lastKnownFileType = sourcecode.swift; path = AudioPlayer.swift; sourceTree = "<group>"; };
		91B8021524BA17E400C4BC31 /* MultiArtDetailCollectionCell.xib */ = {isa = PBXFileReference; lastKnownFileType = file.xib; path = MultiArtDetailCollectionCell.xib; sourceTree = "<group>"; };
		91B8021724BA1BF600C4BC31 /* MultiArtDetailTableCellLarge.xib */ = {isa = PBXFileReference; fileEncoding = 4; lastKnownFileType = file.xib; path = MultiArtDetailTableCellLarge.xib; sourceTree = "<group>"; };
		91B8021824BA1BF600C4BC31 /* MultiArtDetailTableCellMedium.xib */ = {isa = PBXFileReference; fileEncoding = 4; lastKnownFileType = file.xib; path = MultiArtDetailTableCellMedium.xib; sourceTree = "<group>"; };
		91B8021B24BA25DD00C4BC31 /* FooterTableCell.xib */ = {isa = PBXFileReference; lastKnownFileType = file.xib; path = FooterTableCell.xib; sourceTree = "<group>"; };
		91B8021D24BA287600C4BC31 /* NumberDetailTableCell.xib */ = {isa = PBXFileReference; lastKnownFileType = file.xib; path = NumberDetailTableCell.xib; sourceTree = "<group>"; };
		91B8021F24BA2BB000C4BC31 /* CollectionViewHeader.xib */ = {isa = PBXFileReference; lastKnownFileType = file.xib; path = CollectionViewHeader.xib; sourceTree = "<group>"; };
		91B8022124BA317800C4BC31 /* SwappableViewController.swift */ = {isa = PBXFileReference; lastKnownFileType = sourcecode.swift; path = SwappableViewController.swift; sourceTree = "<group>"; };
		91B8022324BB033700C4BC31 /* SongLibraryViewController.swift */ = {isa = PBXFileReference; lastKnownFileType = sourcecode.swift; path = SongLibraryViewController.swift; sourceTree = "<group>"; };
		91B8026124BF578B00C4BC31 /* ArtistLibraryViewController.swift */ = {isa = PBXFileReference; lastKnownFileType = sourcecode.swift; path = ArtistLibraryViewController.swift; sourceTree = "<group>"; };
		91BF51F024D410BF00AB4992 /* Playlist.swift */ = {isa = PBXFileReference; lastKnownFileType = sourcecode.swift; path = Playlist.swift; sourceTree = "<group>"; };
		91E164F824A0C05B005B51AD /* PlaylistViewController.swift */ = {isa = PBXFileReference; lastKnownFileType = sourcecode.swift; path = PlaylistViewController.swift; sourceTree = "<group>"; };
		91EE846C24B398AF00122BA6 /* AlbumLibraryViewController.swift */ = {isa = PBXFileReference; lastKnownFileType = sourcecode.swift; path = AlbumLibraryViewController.swift; sourceTree = "<group>"; };
		91F24863249FD302006884B6 /* UserInterface.swift */ = {isa = PBXFileReference; lastKnownFileType = sourcecode.swift; path = UserInterface.swift; sourceTree = "<group>"; };
		91F2F33B23998209008291E9 /* PlaylistLibraryViewController.swift */ = {isa = PBXFileReference; lastKnownFileType = sourcecode.swift; path = PlaylistLibraryViewController.swift; sourceTree = "<group>"; };
/* End PBXFileReference section */

/* Begin PBXFrameworksBuildPhase section */
		918ED5D42397257500FB85A9 /* Frameworks */ = {
			isa = PBXFrameworksBuildPhase;
			buildActionMask = 2147483647;
			files = (
			);
			runOnlyForDeploymentPostprocessing = 0;
		};
/* End PBXFrameworksBuildPhase section */

/* Begin PBXGroup section */
		912B1E9924B8C191004BF44D /* User Interface */ = {
			isa = PBXGroup;
			children = (
				912B1E9724B8BEC5004BF44D /* ArtDetailTableCellLarge.xib */,
				91B8021724BA1BF600C4BC31 /* MultiArtDetailTableCellLarge.xib */,
				912B1E9A24B8C23F004BF44D /* ArtDetailTableCellMedium.xib */,
				91B8021824BA1BF600C4BC31 /* MultiArtDetailTableCellMedium.xib */,
				912B1E9C24B91F4D004BF44D /* ArtDetailTableCellSmall.xib */,
				91B8021D24BA287600C4BC31 /* NumberDetailTableCell.xib */,
				91B8021B24BA25DD00C4BC31 /* FooterTableCell.xib */,
				912B1E9E24B920C9004BF44D /* ArtDetailCollectionCell.xib */,
				91B8021524BA17E400C4BC31 /* MultiArtDetailCollectionCell.xib */,
				91B8021F24BA2BB000C4BC31 /* CollectionViewHeader.xib */,
			);
			path = "User Interface";
			sourceTree = "<group>";
		};
		918ED5CE2397257500FB85A9 = {
			isa = PBXGroup;
			children = (
				918ED5D92397257500FB85A9 /* SwanSong */,
				918ED5D82397257500FB85A9 /* Products */,
				918ED5EC23972C1B00FB85A9 /* Frameworks */,
			);
			sourceTree = "<group>";
		};
		918ED5D82397257500FB85A9 /* Products */ = {
			isa = PBXGroup;
			children = (
				918ED5D72397257500FB85A9 /* SwanSong.app */,
			);
			name = Products;
			sourceTree = "<group>";
		};
		918ED5D92397257500FB85A9 /* SwanSong */ = {
			isa = PBXGroup;
			children = (
				912B1E9924B8C191004BF44D /* User Interface */,
				918ED5DA2397257500FB85A9 /* AppDelegate.swift */,
				91A55936249934120030A68F /* AudioPlayer.swift */,
				9151038323987E4600B20515 /* Extensions.swift */,
				91BF51F024D410BF00AB4992 /* Playlist.swift */,
				91F24863249FD302006884B6 /* UserInterface.swift */,
				912B1E9324B5D7C8004BF44D /* TabBarController.swift */,
				9155990B24C44BB800EFDE17 /* SwanSongViewController.swift */,
				91B8022124BA317800C4BC31 /* SwappableViewController.swift */,
				91EE846C24B398AF00122BA6 /* AlbumLibraryViewController.swift */,
				9151037F2398034200B20515 /* AlbumViewController.swift */,
				91F2F33B23998209008291E9 /* PlaylistLibraryViewController.swift */,
				91E164F824A0C05B005B51AD /* PlaylistViewController.swift */,
				912B1E8F24B5CC09004BF44D /* GenreLibraryViewController.swift */,
				91B8026124BF578B00C4BC31 /* ArtistLibraryViewController.swift */,
				91A1E07124C74E0800469B82 /* MultiAlbumListViewController.swift */,
				91B8022324BB033700C4BC31 /* SongLibraryViewController.swift */,
				9155990924C4499000EFDE17 /* SettingsViewController.swift */,
				91510385239887D600B20515 /* PlayerViewController.swift */,
				918ED5DE2397257500FB85A9 /* Main.storyboard */,
				918ED5E12397257600FB85A9 /* Assets.xcassets */,
				918ED5E32397257600FB85A9 /* LaunchScreen.storyboard */,
				918ED5E62397257600FB85A9 /* Info.plist */,
				9181AF2724D41DA400C0550D /* SwanSong.xcdatamodeld */,
			);
			path = SwanSong;
			sourceTree = "<group>";
		};
		918ED5EC23972C1B00FB85A9 /* Frameworks */ = {
			isa = PBXGroup;
			children = (
				9181AF4D24D4502600C0550D /* CoreData.framework */,
				918ED5ED23972C1B00FB85A9 /* MediaPlayer.framework */,
			);
			name = Frameworks;
			sourceTree = "<group>";
		};
/* End PBXGroup section */

/* Begin PBXNativeTarget section */
		918ED5D62397257500FB85A9 /* SwanSong */ = {
			isa = PBXNativeTarget;
			buildConfigurationList = 918ED5E92397257600FB85A9 /* Build configuration list for PBXNativeTarget "SwanSong" */;
			buildPhases = (
				918ED5D32397257500FB85A9 /* Sources */,
				918ED5D42397257500FB85A9 /* Frameworks */,
				918ED5D52397257500FB85A9 /* Resources */,
			);
			buildRules = (
			);
			dependencies = (
			);
			name = SwanSong;
			productName = SwanSong;
			productReference = 918ED5D72397257500FB85A9 /* SwanSong.app */;
			productType = "com.apple.product-type.application";
		};
/* End PBXNativeTarget section */

/* Begin PBXProject section */
		918ED5CF2397257500FB85A9 /* Project object */ = {
			isa = PBXProject;
			attributes = {
				LastSwiftUpdateCheck = 1020;
				LastUpgradeCheck = 1020;
				ORGANIZATIONNAME = "Daniel Marriner";
				TargetAttributes = {
					918ED5D62397257500FB85A9 = {
						CreatedOnToolsVersion = 10.2.1;
					};
				};
			};
			buildConfigurationList = 918ED5D22397257500FB85A9 /* Build configuration list for PBXProject "SwanSong" */;
			compatibilityVersion = "Xcode 9.3";
			developmentRegion = en;
			hasScannedForEncodings = 0;
			knownRegions = (
				en,
				Base,
			);
			mainGroup = 918ED5CE2397257500FB85A9;
			productRefGroup = 918ED5D82397257500FB85A9 /* Products */;
			projectDirPath = "";
			projectRoot = "";
			targets = (
				918ED5D62397257500FB85A9 /* SwanSong */,
			);
		};
/* End PBXProject section */

/* Begin PBXResourcesBuildPhase section */
		918ED5D52397257500FB85A9 /* Resources */ = {
			isa = PBXResourcesBuildPhase;
			buildActionMask = 2147483647;
			files = (
				912B1E9824B8BEC5004BF44D /* ArtDetailTableCellLarge.xib in Resources */,
				91B8022024BA2BB000C4BC31 /* CollectionViewHeader.xib in Resources */,
				91B8021C24BA25DD00C4BC31 /* FooterTableCell.xib in Resources */,
				918ED5E52397257600FB85A9 /* LaunchScreen.storyboard in Resources */,
				912B1E9B24B8C240004BF44D /* ArtDetailTableCellMedium.xib in Resources */,
				912B1E9F24B920C9004BF44D /* ArtDetailCollectionCell.xib in Resources */,
				91B8021924BA1BF600C4BC31 /* MultiArtDetailTableCellLarge.xib in Resources */,
				91B8021624BA17E400C4BC31 /* MultiArtDetailCollectionCell.xib in Resources */,
				918ED5E22397257600FB85A9 /* Assets.xcassets in Resources */,
				918ED5E02397257500FB85A9 /* Main.storyboard in Resources */,
				91B8021A24BA1BF600C4BC31 /* MultiArtDetailTableCellMedium.xib in Resources */,
				91B8021E24BA287600C4BC31 /* NumberDetailTableCell.xib in Resources */,
				912B1E9D24B91F4D004BF44D /* ArtDetailTableCellSmall.xib in Resources */,
			);
			runOnlyForDeploymentPostprocessing = 0;
		};
/* End PBXResourcesBuildPhase section */

/* Begin PBXSourcesBuildPhase section */
		918ED5D32397257500FB85A9 /* Sources */ = {
			isa = PBXSourcesBuildPhase;
			buildActionMask = 2147483647;
			files = (
				91F24864249FD302006884B6 /* UserInterface.swift in Sources */,
				91F2F33C23998209008291E9 /* PlaylistLibraryViewController.swift in Sources */,
				91A1E07224C74E0800469B82 /* MultiAlbumListViewController.swift in Sources */,
				9181AF2924D41DA400C0550D /* SwanSong.xcdatamodeld in Sources */,
				915103802398034200B20515 /* AlbumViewController.swift in Sources */,
				91BF51F124D410BF00AB4992 /* Playlist.swift in Sources */,
				9151038423987E4600B20515 /* Extensions.swift in Sources */,
				91B8026224BF578B00C4BC31 /* ArtistLibraryViewController.swift in Sources */,
				91A55937249934120030A68F /* AudioPlayer.swift in Sources */,
				91E164F924A0C05B005B51AD /* PlaylistViewController.swift in Sources */,
				91EE846D24B398AF00122BA6 /* AlbumLibraryViewController.swift in Sources */,
				91B8022424BB033700C4BC31 /* SongLibraryViewController.swift in Sources */,
				9155990C24C44BB800EFDE17 /* SwanSongViewController.swift in Sources */,
				91510386239887D600B20515 /* PlayerViewController.swift in Sources */,
				912B1E9424B5D7C8004BF44D /* TabBarController.swift in Sources */,
				91B8022224BA317800C4BC31 /* SwappableViewController.swift in Sources */,
				912B1E9024B5CC09004BF44D /* GenreLibraryViewController.swift in Sources */,
				918ED5DB2397257500FB85A9 /* AppDelegate.swift in Sources */,
				9155990A24C4499000EFDE17 /* SettingsViewController.swift in Sources */,
			);
			runOnlyForDeploymentPostprocessing = 0;
		};
/* End PBXSourcesBuildPhase section */

/* Begin PBXVariantGroup section */
		918ED5DE2397257500FB85A9 /* Main.storyboard */ = {
			isa = PBXVariantGroup;
			children = (
				918ED5DF2397257500FB85A9 /* Base */,
			);
			name = Main.storyboard;
			sourceTree = "<group>";
		};
		918ED5E32397257600FB85A9 /* LaunchScreen.storyboard */ = {
			isa = PBXVariantGroup;
			children = (
				918ED5E42397257600FB85A9 /* Base */,
			);
			name = LaunchScreen.storyboard;
			sourceTree = "<group>";
		};
/* End PBXVariantGroup section */

/* Begin XCBuildConfiguration section */
		918ED5E72397257600FB85A9 /* Debug */ = {
			isa = XCBuildConfiguration;
			buildSettings = {
				ALWAYS_SEARCH_USER_PATHS = NO;
				CLANG_ANALYZER_NONNULL = YES;
				CLANG_ANALYZER_NUMBER_OBJECT_CONVERSION = YES_AGGRESSIVE;
				CLANG_CXX_LANGUAGE_STANDARD = "gnu++14";
				CLANG_CXX_LIBRARY = "libc++";
				CLANG_ENABLE_MODULES = YES;
				CLANG_ENABLE_OBJC_ARC = YES;
				CLANG_ENABLE_OBJC_WEAK = YES;
				CLANG_WARN_BLOCK_CAPTURE_AUTORELEASING = YES;
				CLANG_WARN_BOOL_CONVERSION = YES;
				CLANG_WARN_COMMA = YES;
				CLANG_WARN_CONSTANT_CONVERSION = YES;
				CLANG_WARN_DEPRECATED_OBJC_IMPLEMENTATIONS = YES;
				CLANG_WARN_DIRECT_OBJC_ISA_USAGE = YES_ERROR;
				CLANG_WARN_DOCUMENTATION_COMMENTS = YES;
				CLANG_WARN_EMPTY_BODY = YES;
				CLANG_WARN_ENUM_CONVERSION = YES;
				CLANG_WARN_INFINITE_RECURSION = YES;
				CLANG_WARN_INT_CONVERSION = YES;
				CLANG_WARN_NON_LITERAL_NULL_CONVERSION = YES;
				CLANG_WARN_OBJC_IMPLICIT_RETAIN_SELF = YES;
				CLANG_WARN_OBJC_LITERAL_CONVERSION = YES;
				CLANG_WARN_OBJC_ROOT_CLASS = YES_ERROR;
				CLANG_WARN_RANGE_LOOP_ANALYSIS = YES;
				CLANG_WARN_STRICT_PROTOTYPES = YES;
				CLANG_WARN_SUSPICIOUS_MOVE = YES;
				CLANG_WARN_UNGUARDED_AVAILABILITY = YES_AGGRESSIVE;
				CLANG_WARN_UNREACHABLE_CODE = YES;
				CLANG_WARN__DUPLICATE_METHOD_MATCH = YES;
				CODE_SIGN_IDENTITY = "iPhone Developer";
				COPY_PHASE_STRIP = NO;
				DEBUG_INFORMATION_FORMAT = dwarf;
				ENABLE_STRICT_OBJC_MSGSEND = YES;
				ENABLE_TESTABILITY = YES;
				GCC_C_LANGUAGE_STANDARD = gnu11;
				GCC_DYNAMIC_NO_PIC = NO;
				GCC_NO_COMMON_BLOCKS = YES;
				GCC_OPTIMIZATION_LEVEL = 0;
				GCC_PREPROCESSOR_DEFINITIONS = (
					"DEBUG=1",
					"$(inherited)",
				);
				GCC_WARN_64_TO_32_BIT_CONVERSION = YES;
				GCC_WARN_ABOUT_RETURN_TYPE = YES_ERROR;
				GCC_WARN_UNDECLARED_SELECTOR = YES;
				GCC_WARN_UNINITIALIZED_AUTOS = YES_AGGRESSIVE;
				GCC_WARN_UNUSED_FUNCTION = YES;
				GCC_WARN_UNUSED_VARIABLE = YES;
				IPHONEOS_DEPLOYMENT_TARGET = 12.2;
				MTL_ENABLE_DEBUG_INFO = INCLUDE_SOURCE;
				MTL_FAST_MATH = YES;
				ONLY_ACTIVE_ARCH = YES;
				SDKROOT = iphoneos;
				SWIFT_ACTIVE_COMPILATION_CONDITIONS = DEBUG;
				SWIFT_OPTIMIZATION_LEVEL = "-Onone";
			};
			name = Debug;
		};
		918ED5E82397257600FB85A9 /* Release */ = {
			isa = XCBuildConfiguration;
			buildSettings = {
				ALWAYS_SEARCH_USER_PATHS = NO;
				CLANG_ANALYZER_NONNULL = YES;
				CLANG_ANALYZER_NUMBER_OBJECT_CONVERSION = YES_AGGRESSIVE;
				CLANG_CXX_LANGUAGE_STANDARD = "gnu++14";
				CLANG_CXX_LIBRARY = "libc++";
				CLANG_ENABLE_MODULES = YES;
				CLANG_ENABLE_OBJC_ARC = YES;
				CLANG_ENABLE_OBJC_WEAK = YES;
				CLANG_WARN_BLOCK_CAPTURE_AUTORELEASING = YES;
				CLANG_WARN_BOOL_CONVERSION = YES;
				CLANG_WARN_COMMA = YES;
				CLANG_WARN_CONSTANT_CONVERSION = YES;
				CLANG_WARN_DEPRECATED_OBJC_IMPLEMENTATIONS = YES;
				CLANG_WARN_DIRECT_OBJC_ISA_USAGE = YES_ERROR;
				CLANG_WARN_DOCUMENTATION_COMMENTS = YES;
				CLANG_WARN_EMPTY_BODY = YES;
				CLANG_WARN_ENUM_CONVERSION = YES;
				CLANG_WARN_INFINITE_RECURSION = YES;
				CLANG_WARN_INT_CONVERSION = YES;
				CLANG_WARN_NON_LITERAL_NULL_CONVERSION = YES;
				CLANG_WARN_OBJC_IMPLICIT_RETAIN_SELF = YES;
				CLANG_WARN_OBJC_LITERAL_CONVERSION = YES;
				CLANG_WARN_OBJC_ROOT_CLASS = YES_ERROR;
				CLANG_WARN_RANGE_LOOP_ANALYSIS = YES;
				CLANG_WARN_STRICT_PROTOTYPES = YES;
				CLANG_WARN_SUSPICIOUS_MOVE = YES;
				CLANG_WARN_UNGUARDED_AVAILABILITY = YES_AGGRESSIVE;
				CLANG_WARN_UNREACHABLE_CODE = YES;
				CLANG_WARN__DUPLICATE_METHOD_MATCH = YES;
				CODE_SIGN_IDENTITY = "iPhone Developer";
				COPY_PHASE_STRIP = NO;
				DEBUG_INFORMATION_FORMAT = "dwarf-with-dsym";
				ENABLE_NS_ASSERTIONS = NO;
				ENABLE_STRICT_OBJC_MSGSEND = YES;
				GCC_C_LANGUAGE_STANDARD = gnu11;
				GCC_NO_COMMON_BLOCKS = YES;
				GCC_WARN_64_TO_32_BIT_CONVERSION = YES;
				GCC_WARN_ABOUT_RETURN_TYPE = YES_ERROR;
				GCC_WARN_UNDECLARED_SELECTOR = YES;
				GCC_WARN_UNINITIALIZED_AUTOS = YES_AGGRESSIVE;
				GCC_WARN_UNUSED_FUNCTION = YES;
				GCC_WARN_UNUSED_VARIABLE = YES;
				IPHONEOS_DEPLOYMENT_TARGET = 12.2;
				MTL_ENABLE_DEBUG_INFO = NO;
				MTL_FAST_MATH = YES;
				SDKROOT = iphoneos;
				SWIFT_COMPILATION_MODE = wholemodule;
				SWIFT_OPTIMIZATION_LEVEL = "-O";
				VALIDATE_PRODUCT = YES;
			};
			name = Release;
		};
		918ED5EA2397257600FB85A9 /* Debug */ = {
			isa = XCBuildConfiguration;
			buildSettings = {
				ASSETCATALOG_COMPILER_APPICON_NAME = AppIcon;
				CODE_SIGN_STYLE = Automatic;
				DEVELOPMENT_TEAM = SDPTWQFVDC;
				INFOPLIST_FILE = SwanSong/Info.plist;
				IPHONEOS_DEPLOYMENT_TARGET = 12.0;
				LD_RUNPATH_SEARCH_PATHS = (
					"$(inherited)",
					"@executable_path/Frameworks",
				);
				PRODUCT_BUNDLE_IDENTIFIER = "anachronistic-tech.SwanSong";
				PRODUCT_NAME = "$(TARGET_NAME)";
				SWIFT_VERSION = 5.0;
				TARGETED_DEVICE_FAMILY = "1,2";
			};
			name = Debug;
		};
		918ED5EB2397257600FB85A9 /* Release */ = {
			isa = XCBuildConfiguration;
			buildSettings = {
				ASSETCATALOG_COMPILER_APPICON_NAME = AppIcon;
				CODE_SIGN_STYLE = Automatic;
				DEVELOPMENT_TEAM = SDPTWQFVDC;
				INFOPLIST_FILE = SwanSong/Info.plist;
				IPHONEOS_DEPLOYMENT_TARGET = 12.0;
				LD_RUNPATH_SEARCH_PATHS = (
					"$(inherited)",
					"@executable_path/Frameworks",
				);
				PRODUCT_BUNDLE_IDENTIFIER = "anachronistic-tech.SwanSong";
				PRODUCT_NAME = "$(TARGET_NAME)";
				SWIFT_VERSION = 5.0;
				TARGETED_DEVICE_FAMILY = "1,2";
			};
			name = Release;
		};
/* End XCBuildConfiguration section */

/* Begin XCConfigurationList section */
		918ED5D22397257500FB85A9 /* Build configuration list for PBXProject "SwanSong" */ = {
			isa = XCConfigurationList;
			buildConfigurations = (
				918ED5E72397257600FB85A9 /* Debug */,
				918ED5E82397257600FB85A9 /* Release */,
			);
			defaultConfigurationIsVisible = 0;
			defaultConfigurationName = Release;
		};
		918ED5E92397257600FB85A9 /* Build configuration list for PBXNativeTarget "SwanSong" */ = {
			isa = XCConfigurationList;
			buildConfigurations = (
				918ED5EA2397257600FB85A9 /* Debug */,
				918ED5EB2397257600FB85A9 /* Release */,
			);
			defaultConfigurationIsVisible = 0;
			defaultConfigurationName = Release;
		};
/* End XCConfigurationList section */

/* Begin XCVersionGroup section */
		9181AF2724D41DA400C0550D /* SwanSong.xcdatamodeld */ = {
			isa = XCVersionGroup;
			children = (
				9181AF2824D41DA400C0550D /* SwanSong.xcdatamodel */,
			);
			currentVersion = 9181AF2824D41DA400C0550D /* SwanSong.xcdatamodel */;
			path = SwanSong.xcdatamodeld;
			sourceTree = "<group>";
			versionGroupType = wrapper.xcdatamodel;
		};
/* End XCVersionGroup section */
	};
	rootObject = 918ED5CF2397257500FB85A9 /* Project object */;
}
